// !$*UTF8*$!
{
	archiveVersion = 1;
	classes = {
	};
	objectVersion = 48;
	objects = {

/* Begin PBXBuildFile section */
		3A4F716DF81EA1713EFDB34B /* Pods_BallBreakerMini.framework in Frameworks */ = {isa = PBXBuildFile; fileRef = 604C18CBC0E629E3A4E563F1 /* Pods_BallBreakerMini.framework */; };
		D4D9DC38205AFD2300E1D78C /* AppDelegate.swift in Sources */ = {isa = PBXBuildFile; fileRef = D4D9DC37205AFD2300E1D78C /* AppDelegate.swift */; };
		D4D9DC3A205AFD2300E1D78C /* ViewController.swift in Sources */ = {isa = PBXBuildFile; fileRef = D4D9DC39205AFD2300E1D78C /* ViewController.swift */; };
		D4D9DC3D205AFD2300E1D78C /* Main.storyboard in Resources */ = {isa = PBXBuildFile; fileRef = D4D9DC3B205AFD2300E1D78C /* Main.storyboard */; };
		D4D9DC3F205AFD2300E1D78C /* Assets.xcassets in Resources */ = {isa = PBXBuildFile; fileRef = D4D9DC3E205AFD2300E1D78C /* Assets.xcassets */; };
		D4D9DC42205AFD2300E1D78C /* LaunchScreen.storyboard in Resources */ = {isa = PBXBuildFile; fileRef = D4D9DC40205AFD2300E1D78C /* LaunchScreen.storyboard */; };
/* End PBXBuildFile section */

/* Begin PBXFileReference section */
		070E8719190C49FB037A710F /* Pods-BallBreakerMini.debug.xcconfig */ = {isa = PBXFileReference; includeInIndex = 1; lastKnownFileType = text.xcconfig; name = "Pods-BallBreakerMini.debug.xcconfig"; path = "Pods/Target Support Files/Pods-BallBreakerMini/Pods-BallBreakerMini.debug.xcconfig"; sourceTree = "<group>"; };
		604C18CBC0E629E3A4E563F1 /* Pods_BallBreakerMini.framework */ = {isa = PBXFileReference; explicitFileType = wrapper.framework; includeInIndex = 0; path = Pods_BallBreakerMini.framework; sourceTree = BUILT_PRODUCTS_DIR; };
		D4D9DC34205AFD2300E1D78C /* BallBreakerMini.app */ = {isa = PBXFileReference; explicitFileType = wrapper.application; includeInIndex = 0; path = BallBreakerMini.app; sourceTree = BUILT_PRODUCTS_DIR; };
		D4D9DC37205AFD2300E1D78C /* AppDelegate.swift */ = {isa = PBXFileReference; lastKnownFileType = sourcecode.swift; path = AppDelegate.swift; sourceTree = "<group>"; };
		D4D9DC39205AFD2300E1D78C /* ViewController.swift */ = {isa = PBXFileReference; lastKnownFileType = sourcecode.swift; path = ViewController.swift; sourceTree = "<group>"; };
		D4D9DC3C205AFD2300E1D78C /* Base */ = {isa = PBXFileReference; lastKnownFileType = file.storyboard; name = Base; path = Base.lproj/Main.storyboard; sourceTree = "<group>"; };
		D4D9DC3E205AFD2300E1D78C /* Assets.xcassets */ = {isa = PBXFileReference; lastKnownFileType = folder.assetcatalog; path = Assets.xcassets; sourceTree = "<group>"; };
		D4D9DC41205AFD2300E1D78C /* Base */ = {isa = PBXFileReference; lastKnownFileType = file.storyboard; name = Base; path = Base.lproj/LaunchScreen.storyboard; sourceTree = "<group>"; };
		D4D9DC43205AFD2300E1D78C /* Info.plist */ = {isa = PBXFileReference; lastKnownFileType = text.plist.xml; path = Info.plist; sourceTree = "<group>"; };
		FB687A1A39266B2851E6A8C9 /* Pods-BallBreakerMini.release.xcconfig */ = {isa = PBXFileReference; includeInIndex = 1; lastKnownFileType = text.xcconfig; name = "Pods-BallBreakerMini.release.xcconfig"; path = "Pods/Target Support Files/Pods-BallBreakerMini/Pods-BallBreakerMini.release.xcconfig"; sourceTree = "<group>"; };
/* End PBXFileReference section */

/* Begin PBXFrameworksBuildPhase section */
		D4D9DC31205AFD2300E1D78C /* Frameworks */ = {
			isa = PBXFrameworksBuildPhase;
			buildActionMask = 2147483647;
			files = (
				3A4F716DF81EA1713EFDB34B /* Pods_BallBreakerMini.framework in Frameworks */,
			);
			runOnlyForDeploymentPostprocessing = 0;
		};
/* End PBXFrameworksBuildPhase section */

/* Begin PBXGroup section */
		BB60ACDF2BF8A2EA5EAD7290 /* Frameworks */ = {
			isa = PBXGroup;
			children = (
				604C18CBC0E629E3A4E563F1 /* Pods_BallBreakerMini.framework */,
			);
			name = Frameworks;
			sourceTree = "<group>";
		};
		D4D9DC2B205AFD2300E1D78C = {
			isa = PBXGroup;
			children = (
				D4D9DC36205AFD2300E1D78C /* BallBreakerMini */,
				D4D9DC35205AFD2300E1D78C /* Products */,
				D5E9358C9F4BA0BC6E90FBBE /* Pods */,
				BB60ACDF2BF8A2EA5EAD7290 /* Frameworks */,
			);
			sourceTree = "<group>";
		};
		D4D9DC35205AFD2300E1D78C /* Products */ = {
			isa = PBXGroup;
			children = (
				D4D9DC34205AFD2300E1D78C /* BallBreakerMini.app */,
			);
			name = Products;
			sourceTree = "<group>";
		};
		D4D9DC36205AFD2300E1D78C /* BallBreakerMini */ = {
			isa = PBXGroup;
			children = (
				D4D9DC37205AFD2300E1D78C /* AppDelegate.swift */,
				D4D9DC39205AFD2300E1D78C /* ViewController.swift */,
				D4D9DC3B205AFD2300E1D78C /* Main.storyboard */,
				D4D9DC3E205AFD2300E1D78C /* Assets.xcassets */,
				D4D9DC40205AFD2300E1D78C /* LaunchScreen.storyboard */,
				D4D9DC43205AFD2300E1D78C /* Info.plist */,
			);
			path = BallBreakerMini;
			sourceTree = "<group>";
		};
		D5E9358C9F4BA0BC6E90FBBE /* Pods */ = {
			isa = PBXGroup;
			children = (
				070E8719190C49FB037A710F /* Pods-BallBreakerMini.debug.xcconfig */,
				FB687A1A39266B2851E6A8C9 /* Pods-BallBreakerMini.release.xcconfig */,
			);
			name = Pods;
			sourceTree = "<group>";
		};
/* End PBXGroup section */

/* Begin PBXNativeTarget section */
		D4D9DC33205AFD2300E1D78C /* BallBreakerMini */ = {
			isa = PBXNativeTarget;
			buildConfigurationList = D4D9DC46205AFD2300E1D78C /* Build configuration list for PBXNativeTarget "BallBreakerMini" */;
			buildPhases = (
				7C504E725E4E598D229E3A69 /* [CP] Check Pods Manifest.lock */,
				D4D9DC30205AFD2300E1D78C /* Sources */,
				D4D9DC31205AFD2300E1D78C /* Frameworks */,
				D4D9DC32205AFD2300E1D78C /* Resources */,
				AAD554FC86CFC2A9A5FD80DD /* [CP] Embed Pods Frameworks */,
				8C3D2146E02C4B848E25DEB6 /* [CP] Copy Pods Resources */,
				D47142A7205C581900F4E4C0 /* ShellScript */,
			);
			buildRules = (
			);
			dependencies = (
			);
			name = BallBreakerMini;
			productName = BallBreakerMini;
			productReference = D4D9DC34205AFD2300E1D78C /* BallBreakerMini.app */;
			productType = "com.apple.product-type.application";
		};
/* End PBXNativeTarget section */

/* Begin PBXProject section */
		D4D9DC2C205AFD2300E1D78C /* Project object */ = {
			isa = PBXProject;
			attributes = {
				LastSwiftUpdateCheck = 0920;
				LastUpgradeCheck = 0920;
				ORGANIZATIONNAME = "Eduard Levshteyn";
				TargetAttributes = {
					D4D9DC33205AFD2300E1D78C = {
						CreatedOnToolsVersion = 9.2;
						ProvisioningStyle = Automatic;
					};
				};
			};
			buildConfigurationList = D4D9DC2F205AFD2300E1D78C /* Build configuration list for PBXProject "BallBreakerMini" */;
			compatibilityVersion = "Xcode 8.0";
			developmentRegion = en;
			hasScannedForEncodings = 0;
			knownRegions = (
				en,
				Base,
			);
			mainGroup = D4D9DC2B205AFD2300E1D78C;
			productRefGroup = D4D9DC35205AFD2300E1D78C /* Products */;
			projectDirPath = "";
			projectRoot = "";
			targets = (
				D4D9DC33205AFD2300E1D78C /* BallBreakerMini */,
			);
		};
/* End PBXProject section */

/* Begin PBXResourcesBuildPhase section */
		D4D9DC32205AFD2300E1D78C /* Resources */ = {
			isa = PBXResourcesBuildPhase;
			buildActionMask = 2147483647;
			files = (
				D4D9DC42205AFD2300E1D78C /* LaunchScreen.storyboard in Resources */,
				D4D9DC3F205AFD2300E1D78C /* Assets.xcassets in Resources */,
				D4D9DC3D205AFD2300E1D78C /* Main.storyboard in Resources */,
			);
			runOnlyForDeploymentPostprocessing = 0;
		};
/* End PBXResourcesBuildPhase section */

/* Begin PBXShellScriptBuildPhase section */
		7C504E725E4E598D229E3A69 /* [CP] Check Pods Manifest.lock */ = {
			isa = PBXShellScriptBuildPhase;
			buildActionMask = 2147483647;
			files = (
			);
			inputPaths = (
				"${PODS_PODFILE_DIR_PATH}/Podfile.lock",
				"${PODS_ROOT}/Manifest.lock",
			);
			name = "[CP] Check Pods Manifest.lock";
			outputPaths = (
				"$(DERIVED_FILE_DIR)/Pods-BallBreakerMini-checkManifestLockResult.txt",
			);
			runOnlyForDeploymentPostprocessing = 0;
			shellPath = /bin/sh;
			shellScript = "diff \"${PODS_PODFILE_DIR_PATH}/Podfile.lock\" \"${PODS_ROOT}/Manifest.lock\" > /dev/null\nif [ $? != 0 ] ; then\n    # print error to STDERR\n    echo \"error: The sandbox is not in sync with the Podfile.lock. Run 'pod install' or update your CocoaPods installation.\" >&2\n    exit 1\nfi\n# This output is used by Xcode 'outputs' to avoid re-running this script phase.\necho \"SUCCESS\" > \"${SCRIPT_OUTPUT_FILE_0}\"\n";
			showEnvVarsInLog = 0;
		};
		8C3D2146E02C4B848E25DEB6 /* [CP] Copy Pods Resources */ = {
			isa = PBXShellScriptBuildPhase;
			buildActionMask = 2147483647;
			files = (
			);
			inputPaths = (
			);
			name = "[CP] Copy Pods Resources";
			outputPaths = (
			);
			runOnlyForDeploymentPostprocessing = 0;
			shellPath = /bin/sh;
			shellScript = "\"${SRCROOT}/Pods/Target Support Files/Pods-BallBreakerMini/Pods-BallBreakerMini-resources.sh\"\n";
			showEnvVarsInLog = 0;
		};
		AAD554FC86CFC2A9A5FD80DD /* [CP] Embed Pods Frameworks */ = {
			isa = PBXShellScriptBuildPhase;
			buildActionMask = 2147483647;
			files = (
			);
			inputPaths = (
			);
			name = "[CP] Embed Pods Frameworks";
			outputPaths = (
			);
			runOnlyForDeploymentPostprocessing = 0;
			shellPath = /bin/sh;
			shellScript = "\"${SRCROOT}/Pods/Target Support Files/Pods-BallBreakerMini/Pods-BallBreakerMini-frameworks.sh\"\n";
			showEnvVarsInLog = 0;
		};
		D47142A7205C581900F4E4C0 /* ShellScript */ = {
			isa = PBXShellScriptBuildPhase;
			buildActionMask = 2147483647;
			files = (
			);
			inputPaths = (
			);
			outputPaths = (
			);
			runOnlyForDeploymentPostprocessing = 0;
			shellPath = /bin/sh;
			shellScript = "\"${PODS_ROOT}/SwiftLint/swiftlint\"\n";
		};
/* End PBXShellScriptBuildPhase section */

/* Begin PBXSourcesBuildPhase section */
		D4D9DC30205AFD2300E1D78C /* Sources */ = {
			isa = PBXSourcesBuildPhase;
			buildActionMask = 2147483647;
			files = (
				D4D9DC3A205AFD2300E1D78C /* ViewController.swift in Sources */,
				D4D9DC38205AFD2300E1D78C /* AppDelegate.swift in Sources */,
			);
			runOnlyForDeploymentPostprocessing = 0;
		};
/* End PBXSourcesBuildPhase section */

/* Begin PBXVariantGroup section */
		D4D9DC3B205AFD2300E1D78C /* Main.storyboard */ = {
			isa = PBXVariantGroup;
			children = (
				D4D9DC3C205AFD2300E1D78C /* Base */,
			);
			name = Main.storyboard;
			sourceTree = "<group>";
		};
		D4D9DC40205AFD2300E1D78C /* LaunchScreen.storyboard */ = {
			isa = PBXVariantGroup;
			children = (
				D4D9DC41205AFD2300E1D78C /* Base */,
			);
			name = LaunchScreen.storyboard;
			sourceTree = "<group>";
		};
/* End PBXVariantGroup section */

/* Begin XCBuildConfiguration section */
		D4D9DC44205AFD2300E1D78C /* Debug */ = {
			isa = XCBuildConfiguration;
			buildSettings = {
				ALWAYS_SEARCH_USER_PATHS = NO;
				CLANG_ANALYZER_NONNULL = YES;
				CLANG_ANALYZER_NUMBER_OBJECT_CONVERSION = YES_AGGRESSIVE;
				CLANG_CXX_LANGUAGE_STANDARD = "gnu++14";
				CLANG_CXX_LIBRARY = "libc++";
				CLANG_ENABLE_MODULES = YES;
				CLANG_ENABLE_OBJC_ARC = YES;
				CLANG_WARN_BLOCK_CAPTURE_AUTORELEASING = YES;
				CLANG_WARN_BOOL_CONVERSION = YES;
				CLANG_WARN_COMMA = YES;
				CLANG_WARN_CONSTANT_CONVERSION = YES;
				CLANG_WARN_DIRECT_OBJC_ISA_USAGE = YES_ERROR;
				CLANG_WARN_DOCUMENTATION_COMMENTS = YES;
				CLANG_WARN_EMPTY_BODY = YES;
				CLANG_WARN_ENUM_CONVERSION = YES;
				CLANG_WARN_INFINITE_RECURSION = YES;
				CLANG_WARN_INT_CONVERSION = YES;
				CLANG_WARN_NON_LITERAL_NULL_CONVERSION = YES;
				CLANG_WARN_OBJC_LITERAL_CONVERSION = YES;
				CLANG_WARN_OBJC_ROOT_CLASS = YES_ERROR;
				CLANG_WARN_RANGE_LOOP_ANALYSIS = YES;
				CLANG_WARN_STRICT_PROTOTYPES = YES;
				CLANG_WARN_SUSPICIOUS_MOVE = YES;
				CLANG_WARN_UNGUARDED_AVAILABILITY = YES_AGGRESSIVE;
				CLANG_WARN_UNREACHABLE_CODE = YES;
				CLANG_WARN__DUPLICATE_METHOD_MATCH = YES;
				CODE_SIGN_IDENTITY = "iPhone Developer";
				COPY_PHASE_STRIP = NO;
				DEBUG_INFORMATION_FORMAT = dwarf;
				ENABLE_STRICT_OBJC_MSGSEND = YES;
				ENABLE_TESTABILITY = YES;
				GCC_C_LANGUAGE_STANDARD = gnu11;
				GCC_DYNAMIC_NO_PIC = NO;
				GCC_NO_COMMON_BLOCKS = YES;
				GCC_OPTIMIZATION_LEVEL = 0;
				GCC_PREPROCESSOR_DEFINITIONS = (
					"DEBUG=1",
					"$(inherited)",
				);
				GCC_WARN_64_TO_32_BIT_CONVERSION = YES;
				GCC_WARN_ABOUT_RETURN_TYPE = YES_ERROR;
				GCC_WARN_UNDECLARED_SELECTOR = YES;
				GCC_WARN_UNINITIALIZED_AUTOS = YES_AGGRESSIVE;
				GCC_WARN_UNUSED_FUNCTION = YES;
				GCC_WARN_UNUSED_VARIABLE = YES;
				IPHONEOS_DEPLOYMENT_TARGET = 11.2;
				MTL_ENABLE_DEBUG_INFO = YES;
				ONLY_ACTIVE_ARCH = YES;
				SDKROOT = iphoneos;
				SWIFT_ACTIVE_COMPILATION_CONDITIONS = DEBUG;
				SWIFT_OPTIMIZATION_LEVEL = "-Onone";
			};
			name = Debug;
		};
		D4D9DC45205AFD2300E1D78C /* Release */ = {
			isa = XCBuildConfiguration;
			buildSettings = {
				ALWAYS_SEARCH_USER_PATHS = NO;
				CLANG_ANALYZER_NONNULL = YES;
				CLANG_ANALYZER_NUMBER_OBJECT_CONVERSION = YES_AGGRESSIVE;
				CLANG_CXX_LANGUAGE_STANDARD = "gnu++14";
				CLANG_CXX_LIBRARY = "libc++";
				CLANG_ENABLE_MODULES = YES;
				CLANG_ENABLE_OBJC_ARC = YES;
				CLANG_WARN_BLOCK_CAPTURE_AUTORELEASING = YES;
				CLANG_WARN_BOOL_CONVERSION = YES;
				CLANG_WARN_COMMA = YES;
				CLANG_WARN_CONSTANT_CONVERSION = YES;
				CLANG_WARN_DIRECT_OBJC_ISA_USAGE = YES_ERROR;
				CLANG_WARN_DOCUMENTATION_COMMENTS = YES;
				CLANG_WARN_EMPTY_BODY = YES;
				CLANG_WARN_ENUM_CONVERSION = YES;
				CLANG_WARN_INFINITE_RECURSION = YES;
				CLANG_WARN_INT_CONVERSION = YES;
				CLANG_WARN_NON_LITERAL_NULL_CONVERSION = YES;
				CLANG_WARN_OBJC_LITERAL_CONVERSION = YES;
				CLANG_WARN_OBJC_ROOT_CLASS = YES_ERROR;
				CLANG_WARN_RANGE_LOOP_ANALYSIS = YES;
				CLANG_WARN_STRICT_PROTOTYPES = YES;
				CLANG_WARN_SUSPICIOUS_MOVE = YES;
				CLANG_WARN_UNGUARDED_AVAILABILITY = YES_AGGRESSIVE;
				CLANG_WARN_UNREACHABLE_CODE = YES;
				CLANG_WARN__DUPLICATE_METHOD_MATCH = YES;
				CODE_SIGN_IDENTITY = "iPhone Developer";
				COPY_PHASE_STRIP = NO;
				DEBUG_INFORMATION_FORMAT = "dwarf-with-dsym";
				ENABLE_NS_ASSERTIONS = NO;
				ENABLE_STRICT_OBJC_MSGSEND = YES;
				GCC_C_LANGUAGE_STANDARD = gnu11;
				GCC_NO_COMMON_BLOCKS = YES;
				GCC_WARN_64_TO_32_BIT_CONVERSION = YES;
				GCC_WARN_ABOUT_RETURN_TYPE = YES_ERROR;
				GCC_WARN_UNDECLARED_SELECTOR = YES;
				GCC_WARN_UNINITIALIZED_AUTOS = YES_AGGRESSIVE;
				GCC_WARN_UNUSED_FUNCTION = YES;
				GCC_WARN_UNUSED_VARIABLE = YES;
				IPHONEOS_DEPLOYMENT_TARGET = 11.2;
				MTL_ENABLE_DEBUG_INFO = NO;
				SDKROOT = iphoneos;
				SWIFT_OPTIMIZATION_LEVEL = "-Owholemodule";
				VALIDATE_PRODUCT = YES;
			};
			name = Release;
		};
		D4D9DC47205AFD2300E1D78C /* Debug */ = {
			isa = XCBuildConfiguration;
			baseConfigurationReference = 070E8719190C49FB037A710F /* Pods-BallBreakerMini.debug.xcconfig */;
			buildSettings = {
				ASSETCATALOG_COMPILER_APPICON_NAME = AppIcon;
				CODE_SIGN_STYLE = Automatic;
				DEVELOPMENT_TEAM = 3987LS8PQB;
				INFOPLIST_FILE = BallBreakerMini/Info.plist;
				LD_RUNPATH_SEARCH_PATHS = "$(inherited) @executable_path/Frameworks";
				PRODUCT_BUNDLE_IDENTIFIER = com.eduardlev.BallBreakerMini;
				PRODUCT_NAME = "$(TARGET_NAME)";
				SWIFT_VERSION = 4.0;
				TARGETED_DEVICE_FAMILY = "1,2";
			};
			name = Debug;
		};
		D4D9DC48205AFD2300E1D78C /* Release */ = {
			isa = XCBuildConfiguration;
			baseConfigurationReference = FB687A1A39266B2851E6A8C9 /* Pods-BallBreakerMini.release.xcconfig */;
			buildSettings = {
				ASSETCATALOG_COMPILER_APPICON_NAME = AppIcon;
				CODE_SIGN_STYLE = Automatic;
				DEVELOPMENT_TEAM = 3987LS8PQB;
				INFOPLIST_FILE = BallBreakerMini/Info.plist;
				LD_RUNPATH_SEARCH_PATHS = "$(inherited) @executable_path/Frameworks";
				PRODUCT_BUNDLE_IDENTIFIER = com.eduardlev.BallBreakerMini;
				PRODUCT_NAME = "$(TARGET_NAME)";
				SWIFT_VERSION = 4.0;
				TARGETED_DEVICE_FAMILY = "1,2";
			};
			name = Release;
		};
/* End XCBuildConfiguration section */

/* Begin XCConfigurationList section */
		D4D9DC2F205AFD2300E1D78C /* Build configuration list for PBXProject "BallBreakerMini" */ = {
			isa = XCConfigurationList;
			buildConfigurations = (
				D4D9DC44205AFD2300E1D78C /* Debug */,
				D4D9DC45205AFD2300E1D78C /* Release */,
			);
			defaultConfigurationIsVisible = 0;
			defaultConfigurationName = Release;
		};
		D4D9DC46205AFD2300E1D78C /* Build configuration list for PBXNativeTarget "BallBreakerMini" */ = {
			isa = XCConfigurationList;
			buildConfigurations = (
				D4D9DC47205AFD2300E1D78C /* Debug */,
				D4D9DC48205AFD2300E1D78C /* Release */,
			);
			defaultConfigurationIsVisible = 0;
			defaultConfigurationName = Release;
		};
/* End XCConfigurationList section */
	};
	rootObject = D4D9DC2C205AFD2300E1D78C /* Project object */;
}
